
Microsoft Visual Studio Solution File, Format Version 12.00
# Visual Studio Version 16
VisualStudioVersion = 16.0.31702.278
MinimumVisualStudioVersion = 10.0.40219.1
Project("{FAE04EC0-301F-11D3-BF4B-00C04F79EFBC}") = "ScreenCapt", "ScreenCapt.csproj", "{92E17E8F-048B-424D-A7C3-41AD86156B5B}"
EndProject
Global
	GlobalSection(SolutionConfigurationPlatforms) = preSolution
		Debug|Any CPU = Debug|Any CPU
		Release|Any CPU = Release|Any CPU
	EndGlobalSection
	GlobalSection(ProjectConfigurationPlatforms) = postSolution
		{92E17E8F-048B-424D-A7C3-41AD86156B5B}.Debug|Any CPU.ActiveCfg = Debug|Any CPU
		{92E17E8F-048B-424D-A7C3-41AD86156B5B}.Debug|Any CPU.Build.0 = Debug|Any CPU
		{92E17E8F-048B-424D-A7C3-41AD86156B5B}.Release|Any CPU.ActiveCfg = Release|Any CPU
		{92E17E8F-048B-424D-A7C3-41AD86156B5B}.Release|Any CPU.Build.0 = Release|Any CPU
	EndGlobalSection
	GlobalSection(SolutionProperties) = preSolution
		HideSolutionNode = FALSE
	EndGlobalSection
	GlobalSection(ExtensibilityGlobals) = postSolution
		SolutionGuid = {2F02C405-E4CD-498A-9D2F-C872C4BC4D54}
	EndGlobalSection
EndGlobal
